
Microsoft Visual Studio Solution File, Format Version 12.00
# Visual Studio 15
VisualStudioVersion = 15.0.28307.779
MinimumVisualStudioVersion = 10.0.40219.1
Project("{FAE04EC0-301F-11D3-BF4B-00C04F79EFBC}") = "AveragesUI", "AveragesUI\AveragesUI.csproj", "{159B60B2-4825-4C46-BF5B-605860251A31}"
EndProject
Global
	GlobalSection(SolutionConfigurationPlatforms) = preSolution
		Debug|Any CPU = Debug|Any CPU
		Release|Any CPU = Release|Any CPU
	EndGlobalSection
	GlobalSection(ProjectConfigurationPlatforms) = postSolution
		{159B60B2-4825-4C46-BF5B-605860251A31}.Debug|Any CPU.ActiveCfg = Debug|Any CPU
		{159B60B2-4825-4C46-BF5B-605860251A31}.Debug|Any CPU.Build.0 = Debug|Any CPU
		{159B60B2-4825-4C46-BF5B-605860251A31}.Release|Any CPU.ActiveCfg = Release|Any CPU
		{159B60B2-4825-4C46-BF5B-605860251A31}.Release|Any CPU.Build.0 = Release|Any CPU
	EndGlobalSection
	GlobalSection(SolutionProperties) = preSolution
		HideSolutionNode = FALSE
	EndGlobalSection
	GlobalSection(ExtensibilityGlobals) = postSolution
		SolutionGuid = {A677A99C-059D-4070-863A-314576D0E5EF}
	EndGlobalSection
EndGlobal
