
Microsoft Visual Studio Solution File, Format Version 12.00
# Visual Studio 15
VisualStudioVersion = 15.0.28307.779
MinimumVisualStudioVersion = 10.0.40219.1
Project("{FAE04EC0-301F-11D3-BF4B-00C04F79EFBC}") = "ConsoleUI", "ConsoleUI\ConsoleUI.csproj", "{DE4DDF04-9FE3-4ED7-B4EC-C7F5DDF00C2E}"
EndProject
Global
	GlobalSection(SolutionConfigurationPlatforms) = preSolution
		Debug|Any CPU = Debug|Any CPU
		Release|Any CPU = Release|Any CPU
	EndGlobalSection
	GlobalSection(ProjectConfigurationPlatforms) = postSolution
		{DE4DDF04-9FE3-4ED7-B4EC-C7F5DDF00C2E}.Debug|Any CPU.ActiveCfg = Debug|Any CPU
		{DE4DDF04-9FE3-4ED7-B4EC-C7F5DDF00C2E}.Debug|Any CPU.Build.0 = Debug|Any CPU
		{DE4DDF04-9FE3-4ED7-B4EC-C7F5DDF00C2E}.Release|Any CPU.ActiveCfg = Release|Any CPU
		{DE4DDF04-9FE3-4ED7-B4EC-C7F5DDF00C2E}.Release|Any CPU.Build.0 = Release|Any CPU
	EndGlobalSection
	GlobalSection(SolutionProperties) = preSolution
		HideSolutionNode = FALSE
	EndGlobalSection
	GlobalSection(ExtensibilityGlobals) = postSolution
		SolutionGuid = {08005C45-8979-43C6-8039-ABE56ED8F104}
	EndGlobalSection
EndGlobal
