
Microsoft Visual Studio Solution File, Format Version 12.00
# Visual Studio 15
VisualStudioVersion = 15.0.28307.779
MinimumVisualStudioVersion = 10.0.40219.1
Project("{FAE04EC0-301F-11D3-BF4B-00C04F79EFBC}") = "ConsoleUI", "ConsoleUI\ConsoleUI.csproj", "{301AF715-0472-4935-81E7-B7F7A1B80B42}"
EndProject
Project("{FAE04EC0-301F-11D3-BF4B-00C04F79EFBC}") = "Models", "ClassLibrary1\Models.csproj", "{CD3FF89B-18EF-4AA2-A10E-89F45BF51FD9}"
EndProject
Global
	GlobalSection(SolutionConfigurationPlatforms) = preSolution
		Debug|Any CPU = Debug|Any CPU
		Release|Any CPU = Release|Any CPU
	EndGlobalSection
	GlobalSection(ProjectConfigurationPlatforms) = postSolution
		{301AF715-0472-4935-81E7-B7F7A1B80B42}.Debug|Any CPU.ActiveCfg = Debug|Any CPU
		{301AF715-0472-4935-81E7-B7F7A1B80B42}.Debug|Any CPU.Build.0 = Debug|Any CPU
		{301AF715-0472-4935-81E7-B7F7A1B80B42}.Release|Any CPU.ActiveCfg = Release|Any CPU
		{301AF715-0472-4935-81E7-B7F7A1B80B42}.Release|Any CPU.Build.0 = Release|Any CPU
		{CD3FF89B-18EF-4AA2-A10E-89F45BF51FD9}.Debug|Any CPU.ActiveCfg = Debug|Any CPU
		{CD3FF89B-18EF-4AA2-A10E-89F45BF51FD9}.Debug|Any CPU.Build.0 = Debug|Any CPU
		{CD3FF89B-18EF-4AA2-A10E-89F45BF51FD9}.Release|Any CPU.ActiveCfg = Release|Any CPU
		{CD3FF89B-18EF-4AA2-A10E-89F45BF51FD9}.Release|Any CPU.Build.0 = Release|Any CPU
	EndGlobalSection
	GlobalSection(SolutionProperties) = preSolution
		HideSolutionNode = FALSE
	EndGlobalSection
	GlobalSection(ExtensibilityGlobals) = postSolution
		SolutionGuid = {22CBAC9F-8B9F-4C38-86A7-2F92511D8B86}
	EndGlobalSection
EndGlobal
