
Microsoft Visual Studio Solution File, Format Version 12.00
# Visual Studio 15
VisualStudioVersion = 15.0.28307.779
MinimumVisualStudioVersion = 10.0.40219.1
Project("{FAE04EC0-301F-11D3-BF4B-00C04F79EFBC}") = "ConsoleUI", "ConsoleUI\ConsoleUI.csproj", "{F5426E47-B5EE-40E7-8719-596F6C3B3C5A}"
EndProject
Global
	GlobalSection(SolutionConfigurationPlatforms) = preSolution
		Debug|Any CPU = Debug|Any CPU
		Release|Any CPU = Release|Any CPU
	EndGlobalSection
	GlobalSection(ProjectConfigurationPlatforms) = postSolution
		{F5426E47-B5EE-40E7-8719-596F6C3B3C5A}.Debug|Any CPU.ActiveCfg = Debug|Any CPU
		{F5426E47-B5EE-40E7-8719-596F6C3B3C5A}.Debug|Any CPU.Build.0 = Debug|Any CPU
		{F5426E47-B5EE-40E7-8719-596F6C3B3C5A}.Release|Any CPU.ActiveCfg = Release|Any CPU
		{F5426E47-B5EE-40E7-8719-596F6C3B3C5A}.Release|Any CPU.Build.0 = Release|Any CPU
	EndGlobalSection
	GlobalSection(SolutionProperties) = preSolution
		HideSolutionNode = FALSE
	EndGlobalSection
	GlobalSection(ExtensibilityGlobals) = postSolution
		SolutionGuid = {0F99F224-6B09-49CF-90F4-39B80694DA91}
	EndGlobalSection
EndGlobal
